
Microsoft Visual Studio Solution File, Format Version 12.00
# Visual Studio Version 17
VisualStudioVersion = 17.5.33414.496
MinimumVisualStudioVersion = 10.0.40219.1
Project("{9A19103F-16F7-4668-BE54-9A1E7A4F7556}") = "AA2.Console", "AA2.Console\AA2.Console.csproj", "{C6F27773-8B98-4231-981F-1859E322C9D6}"
EndProject
Project("{9A19103F-16F7-4668-BE54-9A1E7A4F7556}") = "AA2.DAL", "AA2.DAL\AA2.DAL.csproj", "{0EBDE16E-E849-4F7F-B7C7-86F66E51506B}"
EndProject
Project("{9A19103F-16F7-4668-BE54-9A1E7A4F7556}") = "AA2.PL", "AA2.PL\AA2.PL.csproj", "{7DF383CB-505A-441B-836A-77B4F137A341}"
EndProject
Global
	GlobalSection(SolutionConfigurationPlatforms) = preSolution
		Debug|Any CPU = Debug|Any CPU
		Release|Any CPU = Release|Any CPU
	EndGlobalSection
	GlobalSection(ProjectConfigurationPlatforms) = postSolution
		{C6F27773-8B98-4231-981F-1859E322C9D6}.Debug|Any CPU.ActiveCfg = Debug|Any CPU
		{C6F27773-8B98-4231-981F-1859E322C9D6}.Debug|Any CPU.Build.0 = Debug|Any CPU
		{C6F27773-8B98-4231-981F-1859E322C9D6}.Release|Any CPU.ActiveCfg = Release|Any CPU
		{C6F27773-8B98-4231-981F-1859E322C9D6}.Release|Any CPU.Build.0 = Release|Any CPU
		{0EBDE16E-E849-4F7F-B7C7-86F66E51506B}.Debug|Any CPU.ActiveCfg = Debug|Any CPU
		{0EBDE16E-E849-4F7F-B7C7-86F66E51506B}.Debug|Any CPU.Build.0 = Debug|Any CPU
		{0EBDE16E-E849-4F7F-B7C7-86F66E51506B}.Release|Any CPU.ActiveCfg = Release|Any CPU
		{0EBDE16E-E849-4F7F-B7C7-86F66E51506B}.Release|Any CPU.Build.0 = Release|Any CPU
		{7DF383CB-505A-441B-836A-77B4F137A341}.Debug|Any CPU.ActiveCfg = Debug|Any CPU
		{7DF383CB-505A-441B-836A-77B4F137A341}.Debug|Any CPU.Build.0 = Debug|Any CPU
		{7DF383CB-505A-441B-836A-77B4F137A341}.Release|Any CPU.ActiveCfg = Release|Any CPU
		{7DF383CB-505A-441B-836A-77B4F137A341}.Release|Any CPU.Build.0 = Release|Any CPU
	EndGlobalSection
	GlobalSection(SolutionProperties) = preSolution
		HideSolutionNode = FALSE
	EndGlobalSection
	GlobalSection(ExtensibilityGlobals) = postSolution
		SolutionGuid = {52C75213-E473-41B9-A7C9-C76894015909}
	EndGlobalSection
EndGlobal
